
Microsoft Visual Studio Solution File, Format Version 12.00
# Visual Studio 15
VisualStudioVersion = 15.0.28010.2050
MinimumVisualStudioVersion = 10.0.40219.1
Project("{FAE04EC0-301F-11D3-BF4B-00C04F79EFBC}") = "BlockModelReader", "BlockModelReader\BlockModelReader.csproj", "{08E67E34-9DFC-4731-86CF-684548DD804C}"
EndProject
Global
	GlobalSection(SolutionConfigurationPlatforms) = preSolution
		Debug|Any CPU = Debug|Any CPU
		Release|Any CPU = Release|Any CPU
	EndGlobalSection
	GlobalSection(ProjectConfigurationPlatforms) = postSolution
		{08E67E34-9DFC-4731-86CF-684548DD804C}.Debug|Any CPU.ActiveCfg = Debug|Any CPU
		{08E67E34-9DFC-4731-86CF-684548DD804C}.Debug|Any CPU.Build.0 = Debug|Any CPU
		{08E67E34-9DFC-4731-86CF-684548DD804C}.Release|Any CPU.ActiveCfg = Release|Any CPU
		{08E67E34-9DFC-4731-86CF-684548DD804C}.Release|Any CPU.Build.0 = Release|Any CPU
	EndGlobalSection
	GlobalSection(SolutionProperties) = preSolution
		HideSolutionNode = FALSE
	EndGlobalSection
	GlobalSection(ExtensibilityGlobals) = postSolution
		SolutionGuid = {90BE94D5-E9F9-4103-ACCA-654CB669A21D}
	EndGlobalSection
EndGlobal
